{
  "nodes": {
    "fenix": {
      "inputs": {
        "nixpkgs": [
          "nixpkgs"
        ],
        "rust-analyzer-src": "rust-analyzer-src"
      },
      "locked": {
        "lastModified": 1655360770,
        "narHash": "sha256-McgGUL3AqYL+mFtthSXC4ugWBqI/yXKId8wxpeBWsNY=",
        "owner": "nix-community",
        "repo": "fenix",
        "rev": "720b54260dee864d2a21745bd2bb55223f58e297",
        "type": "github"
      },
      "original": {
        "owner": "nix-community",
        "repo": "fenix",
        "rev": "720b54260dee864d2a21745bd2bb55223f58e297",
        "type": "github"
      }
    },
    "naersk": {
      "inputs": {
        "nixpkgs": [
          "nixpkgs"
        ]
      },
      "locked": {
        "lastModified": 1679567394,
        "narHash": "sha256-ZvLuzPeARDLiQUt6zSZFGOs+HZmE+3g4QURc8mkBsfM=",
        "owner": "nix-community",
        "repo": "naersk",
        "rev": "88cd22380154a2c36799fe8098888f0f59861a15",
        "type": "github"
      },
      "original": {
        "owner": "nix-community",
        "repo": "naersk",
        "type": "github"
      }
    },
    "nixpkgs": {
      "locked": {
        "lastModified": 1683408522,
        "narHash": "sha256-9kcPh6Uxo17a3kK3XCHhcWiV1Yu1kYj22RHiymUhMkU=",
        "owner": "nixos",
        "repo": "nixpkgs",
        "rev": "897876e4c484f1e8f92009fd11b7d988a121a4e7",
        "type": "github"
      },
      "original": {
        "owner": "nixos",
        "ref": "nixos-unstable",
        "repo": "nixpkgs",
        "type": "github"
      }
    },
    "root": {
      "inputs": {
        "fenix": "fenix",
        "naersk": "naersk",
        "nixpkgs": "nixpkgs"
      }
    },
    "rust-analyzer-src": {
      "flake": false,
      "locked": {
        "lastModified": 1655323297,
        "narHash": "sha256-PYcTKb/hpSTMytTbtVT6pWIw0SJmyXnqEWDkuRs/uqY=",
        "owner": "rust-lang",
        "repo": "rust-analyzer",
        "rev": "519d7484f3b1beb25dec9f2249adeaaa21033433",
        "type": "github"
      },
      "original": {
        "owner": "rust-lang",
        "ref": "nightly",
        "repo": "rust-analyzer",
        "type": "github"
      }
    }
  },
  "root": "root",
  "version": 7
}
